{
  "lockfileVersion": 1,
  "configVersion": 1,
  "workspaces": {
    "": {
      "name": "tiny-agent-chat",
      "dependencies": {
        "@anvia/core": "^1.3.0",
        "@anvia/memory-sqlite": "^1.2.0",
        "@anvia/openai": "^1.1.3",
        "zod": "^4.6.4",
      },
      "devDependencies": {
        "@types/bun": "latest",
      },
      "peerDependencies": {
        "typescript": "^5",
      },
    },
  },
  "packages": {
    "@anvia/core": ["@anvia/core@1.3.0", "", { "dependencies": { "yaml": "^2.9.0" }, "peerDependencies": { "@valibot/to-json-schema": "^1.7.1", "zod": "^4.4.0" }, "optionalPeers": ["@valibot/to-json-schema"] }, "sha512-LUiZEoaWg2IvRmWJP4HVaBLwtxxEAoWnQCn67wGeKrbUClJl2EBwZzcGTCiKK7P0bQwVOmd6ZVY6ubmpvYm+Cw=="],

    "@anvia/memory-sqlite": ["@anvia/memory-sqlite@1.2.0", "", { "peerDependencies": { "@anvia/core": "^1.2.1" } }, "sha512-zNGnDXzt1nnQzVaT8UCsBHRp6Qt3JtFiJFlqY8iNGhmD4rjyFZLpEpTvsrM6wJ9CkcR36NXidQV9mVwzNVuAaQ=="],

    "@anvia/openai": ["@anvia/openai@1.1.3", "", { "dependencies": { "openai": "^7.10.0" }, "peerDependencies": { "@anvia/core": "^1.2.0" } }, "sha512-U70vMFyOhWAJhBna85VTfX9x42NZ2BcqliimPJRRIzzErF+bPCtNeeNmmfR7WyYEeCZykaWAZ/CIG14WBaIrxQ=="],

    "@types/bun": ["@types/bun@1.4.2", "", { "dependencies": { "bun-types": "1.4.2" } }, "sha512-GimotNn7+ZV0uVArItBbriZsR1oNf0+WTzPkdcFrzShI7k2norL0uzEaJT8T33dWr7O/c9ZDuAFQrctKCi72oQ=="],

    "@types/node": ["@types/node@26.5.1", "", { "dependencies": { "undici-types": "~8.9.0" } }, "sha512-CzNm2FezW4VR/LjG6yUdiEgLE/rAQ9Slj5gCu/C2VrdcW7I0ahNZ8DRbHT7zOZ6r3ONgd/bsQIeSaoDGrd1C6g=="],

    "bun-types": ["bun-types@1.4.2", "", { "dependencies": { "@types/node": "*" } }, "sha512-bxV1FgK7yBIzjRe5zBozIM4Bem11ZJcCXSrjWRG3YWLt8yFDePu4cLjpebO8OvPeIE9trbyPF4fuj3Cia4Fj3w=="],

    "openai": ["openai@7.15.0", "", { "peerDependencies": { "@aws-sdk/credential-provider-node": ">=3.972.0 <4", "@smithy/hash-node": ">=4.3.0 <5", "@smithy/signature-v4": ">=5.4.0 <6", "undici": ">=5 <9", "ws": "^8.21.0", "zod": "^3.25 || ^4.0" }, "optionalPeers": ["@aws-sdk/credential-provider-node", "@smithy/hash-node", "@smithy/signature-v4", "undici", "ws", "zod"] }, "sha512-2DIwesnPSduw68MFx7nAdgvshrgvS8WOan5W8+tgUMlAy/tY+Q41g80Pa+w/v64rHA6rtn+dketa8QvMVxU96w=="],

    "typescript": ["typescript@5.9.3", "", { "bin": { "tsc": "bin/tsc", "tsserver": "bin/tsserver" } }, "sha512-jl1vZzPDinLr9eUt3J/t7V6FgNEw9QjvBPdysz9KfQDD41fQrC2Y4vKQdiaUpFT4bXlb1RHhLpp8wtm6M5TgSw=="],

    "undici-types": ["undici-types@8.9.0", "", {}, "sha512-KTDyRTYX8sWmKXAikPHHSyc63CRPETMctyjKFupcC6OBLXT3xsN0e9aF7m+mIXutFWpUXuedtowG7iLOzp0kQg=="],

    "yaml": ["yaml@2.9.1", "", { "bin": { "yaml": "bin.mjs" } }, "sha512-3NxN8+78OdzbT7C/WjGsyfPAtJaN3FNDsWxv7Y7mcDsT/oOmgW8BpyQQFFBnvZE3j9Y2Sdz1ULFLezL7Eb2yFw=="],

    "zod": ["zod@4.6.4", "", {}, "sha512-AXSD6hvGdvRjajG/l1cC+d6IrhH+sjmPKtYeQdJIK8MFJl3LyClzS+o/YsVC+zQZPupAaeH5skwwm8YqYH7BqA=="],
  }
}
